
Microsoft Visual Studio Solution File, Format Version 12.00
# Visual Studio Version 17
VisualStudioVersion = 17.11.35312.102
MinimumVisualStudioVersion = 10.0.40219.1
Project("{FAE04EC0-301F-11D3-BF4B-00C04F79EFBC}") = "exception handling", "exception handling\exception handling.csproj", "{981137DF-D669-46A1-AD6B-85A36D5583B7}"
EndProject
Global
	GlobalSection(SolutionConfigurationPlatforms) = preSolution
		Debug|Any CPU = Debug|Any CPU
		Release|Any CPU = Release|Any CPU
	EndGlobalSection
	GlobalSection(ProjectConfigurationPlatforms) = postSolution
		{981137DF-D669-46A1-AD6B-85A36D5583B7}.Debug|Any CPU.ActiveCfg = Debug|Any CPU
		{981137DF-D669-46A1-AD6B-85A36D5583B7}.Debug|Any CPU.Build.0 = Debug|Any CPU
		{981137DF-D669-46A1-AD6B-85A36D5583B7}.Release|Any CPU.ActiveCfg = Release|Any CPU
		{981137DF-D669-46A1-AD6B-85A36D5583B7}.Release|Any CPU.Build.0 = Release|Any CPU
	EndGlobalSection
	GlobalSection(SolutionProperties) = preSolution
		HideSolutionNode = FALSE
	EndGlobalSection
	GlobalSection(ExtensibilityGlobals) = postSolution
		SolutionGuid = {44438476-80D3-4AE7-AE3A-FD84576D93F1}
	EndGlobalSection
EndGlobal
